
Microsoft Visual Studio Solution File, Format Version 12.00
# Visual Studio Version 17
VisualStudioVersion = 17.0.31903.59
MinimumVisualStudioVersion = 10.0.40219.1
Project("{FAE04EC0-301F-11D3-BF4B-00C04F79EFBC}") = "PathOfIrregulars.Domain", "PathOfIrregulars.Domain\PathOfIrregulars.Domain.csproj", "{0D68872C-3B0A-494E-9AB4-FD6C8AD81947}"
EndProject
Project("{FAE04EC0-301F-11D3-BF4B-00C04F79EFBC}") = "PathOfIrregulars.Application", "PathOfIrregulars.Application\PathOfIrregulars.Application.csproj", "{8A590083-248D-4FDB-A61E-F15B5E733D8A}"
EndProject
Project("{FAE04EC0-301F-11D3-BF4B-00C04F79EFBC}") = "PathOfIrregulars.Infrastructure", "PathOfIrregulars.Infrastructure\PathOfIrregulars.Infrastructure.csproj", "{1F888226-6E92-4A42-AE63-E5188FA17F11}"
EndProject
Project("{2150E333-8FDC-42A3-9474-1A3956D46DE8}") = "docs", "docs", "{02EA681E-C7D8-13C7-8484-4AC65E1B71E8}"
EndProject
Project("{FAE04EC0-301F-11D3-BF4B-00C04F79EFBC}") = "PathOfIrregulars.Testing", "PathOfIrregulars.Testing\PathOfIrregulars.Testing.csproj", "{C0A43C48-ABE9-4158-BB94-CCE1F650B162}"
EndProject
Global
	GlobalSection(SolutionConfigurationPlatforms) = preSolution
		Debug|Any CPU = Debug|Any CPU
		Debug|x64 = Debug|x64
		Debug|x86 = Debug|x86
		Release|Any CPU = Release|Any CPU
		Release|x64 = Release|x64
		Release|x86 = Release|x86
	EndGlobalSection
	GlobalSection(ProjectConfigurationPlatforms) = postSolution
		{0D68872C-3B0A-494E-9AB4-FD6C8AD81947}.Debug|Any CPU.ActiveCfg = Debug|Any CPU
		{0D68872C-3B0A-494E-9AB4-FD6C8AD81947}.Debug|Any CPU.Build.0 = Debug|Any CPU
		{0D68872C-3B0A-494E-9AB4-FD6C8AD81947}.Debug|x64.ActiveCfg = Debug|Any CPU
		{0D68872C-3B0A-494E-9AB4-FD6C8AD81947}.Debug|x64.Build.0 = Debug|Any CPU
		{0D68872C-3B0A-494E-9AB4-FD6C8AD81947}.Debug|x86.ActiveCfg = Debug|Any CPU
		{0D68872C-3B0A-494E-9AB4-FD6C8AD81947}.Debug|x86.Build.0 = Debug|Any CPU
		{0D68872C-3B0A-494E-9AB4-FD6C8AD81947}.Release|Any CPU.ActiveCfg = Release|Any CPU
		{0D68872C-3B0A-494E-9AB4-FD6C8AD81947}.Release|Any CPU.Build.0 = Release|Any CPU
		{0D68872C-3B0A-494E-9AB4-FD6C8AD81947}.Release|x64.ActiveCfg = Release|Any CPU
		{0D68872C-3B0A-494E-9AB4-FD6C8AD81947}.Release|x64.Build.0 = Release|Any CPU
		{0D68872C-3B0A-494E-9AB4-FD6C8AD81947}.Release|x86.ActiveCfg = Release|Any CPU
		{0D68872C-3B0A-494E-9AB4-FD6C8AD81947}.Release|x86.Build.0 = Release|Any CPU
		{8A590083-248D-4FDB-A61E-F15B5E733D8A}.Debug|Any CPU.ActiveCfg = Debug|Any CPU
		{8A590083-248D-4FDB-A61E-F15B5E733D8A}.Debug|Any CPU.Build.0 = Debug|Any CPU
		{8A590083-248D-4FDB-A61E-F15B5E733D8A}.Debug|x64.ActiveCfg = Debug|Any CPU
		{8A590083-248D-4FDB-A61E-F15B5E733D8A}.Debug|x64.Build.0 = Debug|Any CPU
		{8A590083-248D-4FDB-A61E-F15B5E733D8A}.Debug|x86.ActiveCfg = Debug|Any CPU
		{8A590083-248D-4FDB-A61E-F15B5E733D8A}.Debug|x86.Build.0 = Debug|Any CPU
		{8A590083-248D-4FDB-A61E-F15B5E733D8A}.Release|Any CPU.ActiveCfg = Release|Any CPU
		{8A590083-248D-4FDB-A61E-F15B5E733D8A}.Release|Any CPU.Build.0 = Release|Any CPU
		{8A590083-248D-4FDB-A61E-F15B5E733D8A}.Release|x64.ActiveCfg = Release|Any CPU
		{8A590083-248D-4FDB-A61E-F15B5E733D8A}.Release|x64.Build.0 = Release|Any CPU
		{8A590083-248D-4FDB-A61E-F15B5E733D8A}.Release|x86.ActiveCfg = Release|Any CPU
		{8A590083-248D-4FDB-A61E-F15B5E733D8A}.Release|x86.Build.0 = Release|Any CPU
		{1F888226-6E92-4A42-AE63-E5188FA17F11}.Debug|Any CPU.ActiveCfg = Debug|Any CPU
		{1F888226-6E92-4A42-AE63-E5188FA17F11}.Debug|Any CPU.Build.0 = Debug|Any CPU
		{1F888226-6E92-4A42-AE63-E5188FA17F11}.Debug|x64.ActiveCfg = Debug|Any CPU
		{1F888226-6E92-4A42-AE63-E5188FA17F11}.Debug|x64.Build.0 = Debug|Any CPU
		{1F888226-6E92-4A42-AE63-E5188FA17F11}.Debug|x86.ActiveCfg = Debug|Any CPU
		{1F888226-6E92-4A42-AE63-E5188FA17F11}.Debug|x86.Build.0 = Debug|Any CPU
		{1F888226-6E92-4A42-AE63-E5188FA17F11}.Release|Any CPU.ActiveCfg = Release|Any CPU
		{1F888226-6E92-4A42-AE63-E5188FA17F11}.Release|Any CPU.Build.0 = Release|Any CPU
		{1F888226-6E92-4A42-AE63-E5188FA17F11}.Release|x64.ActiveCfg = Release|Any CPU
		{1F888226-6E92-4A42-AE63-E5188FA17F11}.Release|x64.Build.0 = Release|Any CPU
		{1F888226-6E92-4A42-AE63-E5188FA17F11}.Release|x86.ActiveCfg = Release|Any CPU
		{1F888226-6E92-4A42-AE63-E5188FA17F11}.Release|x86.Build.0 = Release|Any CPU
		{C0A43C48-ABE9-4158-BB94-CCE1F650B162}.Debug|Any CPU.ActiveCfg = Debug|Any CPU
		{C0A43C48-ABE9-4158-BB94-CCE1F650B162}.Debug|Any CPU.Build.0 = Debug|Any CPU
		{C0A43C48-ABE9-4158-BB94-CCE1F650B162}.Debug|x64.ActiveCfg = Debug|Any CPU
		{C0A43C48-ABE9-4158-BB94-CCE1F650B162}.Debug|x64.Build.0 = Debug|Any CPU
		{C0A43C48-ABE9-4158-BB94-CCE1F650B162}.Debug|x86.ActiveCfg = Debug|Any CPU
		{C0A43C48-ABE9-4158-BB94-CCE1F650B162}.Debug|x86.Build.0 = Debug|Any CPU
		{C0A43C48-ABE9-4158-BB94-CCE1F650B162}.Release|Any CPU.ActiveCfg = Release|Any CPU
		{C0A43C48-ABE9-4158-BB94-CCE1F650B162}.Release|Any CPU.Build.0 = Release|Any CPU
		{C0A43C48-ABE9-4158-BB94-CCE1F650B162}.Release|x64.ActiveCfg = Release|Any CPU
		{C0A43C48-ABE9-4158-BB94-CCE1F650B162}.Release|x64.Build.0 = Release|Any CPU
		{C0A43C48-ABE9-4158-BB94-CCE1F650B162}.Release|x86.ActiveCfg = Release|Any CPU
		{C0A43C48-ABE9-4158-BB94-CCE1F650B162}.Release|x86.Build.0 = Release|Any CPU
	EndGlobalSection
	GlobalSection(SolutionProperties) = preSolution
		HideSolutionNode = FALSE
	EndGlobalSection
	GlobalSection(ExtensibilityGlobals) = postSolution
		SolutionGuid = {52C31476-E3DE-41CC-BB5D-2B151FE963FA}
	EndGlobalSection
EndGlobal
